
Microsoft Visual Studio Solution File, Format Version 11.00
# Visual Studio 2010
Project("{FAE04EC0-301F-11D3-BF4B-00C04F79EFBC}") = "Assembly-CSharp", "Assembly-CSharp.csproj", "{38ae61d0-f669-a66b-9b52-3688c5f2b299}"
EndProject
Project("{FAE04EC0-301F-11D3-BF4B-00C04F79EFBC}") = "BestHTTP", "BestHTTP.csproj", "{161419dc-40ad-ecb0-9784-6f44555ee9a9}"
EndProject
Project("{FAE04EC0-301F-11D3-BF4B-00C04F79EFBC}") = "Assembly-CSharp-firstpass", "Assembly-CSharp-firstpass.csproj", "{b8bb63bd-286f-9adf-a332-e0ebc2c4d3f4}"
EndProject
Project("{FAE04EC0-301F-11D3-BF4B-00C04F79EFBC}") = "NativeGallery.Runtime", "NativeGallery.Runtime.csproj", "{9d08b018-0153-f199-ce23-effbcb4c9327}"
EndProject
Project("{FAE04EC0-301F-11D3-BF4B-00C04F79EFBC}") = "Assembly-CSharp-Editor", "Assembly-CSharp-Editor.csproj", "{fab179ad-d558-1b32-684c-f813f871d3fe}"
EndProject
Project("{FAE04EC0-301F-11D3-BF4B-00C04F79EFBC}") = "Assembly-CSharp-Editor-firstpass", "Assembly-CSharp-Editor-firstpass.csproj", "{7b9bd0f8-b8ca-5455-9eb5-b24b12359118}"
EndProject
Project("{FAE04EC0-301F-11D3-BF4B-00C04F79EFBC}") = "NativeGallery.Editor", "NativeGallery.Editor.csproj", "{16dd30fa-a85b-daa5-bc00-b905a65eca4d}"
EndProject
Global
	GlobalSection(SolutionConfigurationPlatforms) = preSolution
		Debug|Any CPU = Debug|Any CPU
	EndGlobalSection
	GlobalSection(ProjectConfigurationPlatforms) = postSolution
		{38ae61d0-f669-a66b-9b52-3688c5f2b299}.Debug|Any CPU.ActiveCfg = Debug|Any CPU
		{38ae61d0-f669-a66b-9b52-3688c5f2b299}.Debug|Any CPU.Build.0 = Debug|Any CPU
		{161419dc-40ad-ecb0-9784-6f44555ee9a9}.Debug|Any CPU.ActiveCfg = Debug|Any CPU
		{161419dc-40ad-ecb0-9784-6f44555ee9a9}.Debug|Any CPU.Build.0 = Debug|Any CPU
		{b8bb63bd-286f-9adf-a332-e0ebc2c4d3f4}.Debug|Any CPU.ActiveCfg = Debug|Any CPU
		{b8bb63bd-286f-9adf-a332-e0ebc2c4d3f4}.Debug|Any CPU.Build.0 = Debug|Any CPU
		{9d08b018-0153-f199-ce23-effbcb4c9327}.Debug|Any CPU.ActiveCfg = Debug|Any CPU
		{9d08b018-0153-f199-ce23-effbcb4c9327}.Debug|Any CPU.Build.0 = Debug|Any CPU
		{fab179ad-d558-1b32-684c-f813f871d3fe}.Debug|Any CPU.ActiveCfg = Debug|Any CPU
		{fab179ad-d558-1b32-684c-f813f871d3fe}.Debug|Any CPU.Build.0 = Debug|Any CPU
		{7b9bd0f8-b8ca-5455-9eb5-b24b12359118}.Debug|Any CPU.ActiveCfg = Debug|Any CPU
		{7b9bd0f8-b8ca-5455-9eb5-b24b12359118}.Debug|Any CPU.Build.0 = Debug|Any CPU
		{16dd30fa-a85b-daa5-bc00-b905a65eca4d}.Debug|Any CPU.ActiveCfg = Debug|Any CPU
		{16dd30fa-a85b-daa5-bc00-b905a65eca4d}.Debug|Any CPU.Build.0 = Debug|Any CPU
	EndGlobalSection
	GlobalSection(SolutionProperties) = preSolution
		HideSolutionNode = FALSE
	EndGlobalSection
EndGlobal
